
Microsoft Visual Studio Solution File, Format Version 12.00
# Visual Studio Version 17
VisualStudioVersion = 17.14.36310.24 d17.14
MinimumVisualStudioVersion = 10.0.40219.1
Project("{FAE04EC0-301F-11D3-BF4B-00C04F79EFBC}") = "WebScrapper", "WebScrapper\WebScrapper.csproj", "{05FD8163-3817-4090-AB3E-134C86F6A2A8}"
EndProject
Global
	GlobalSection(SolutionConfigurationPlatforms) = preSolution
		Debug|Any CPU = Debug|Any CPU
		Release|Any CPU = Release|Any CPU
	EndGlobalSection
	GlobalSection(ProjectConfigurationPlatforms) = postSolution
		{05FD8163-3817-4090-AB3E-134C86F6A2A8}.Debug|Any CPU.ActiveCfg = Debug|Any CPU
		{05FD8163-3817-4090-AB3E-134C86F6A2A8}.Debug|Any CPU.Build.0 = Debug|Any CPU
		{05FD8163-3817-4090-AB3E-134C86F6A2A8}.Release|Any CPU.ActiveCfg = Release|Any CPU
		{05FD8163-3817-4090-AB3E-134C86F6A2A8}.Release|Any CPU.Build.0 = Release|Any CPU
	EndGlobalSection
	GlobalSection(SolutionProperties) = preSolution
		HideSolutionNode = FALSE
	EndGlobalSection
	GlobalSection(ExtensibilityGlobals) = postSolution
		SolutionGuid = {547D44A4-AA0C-4FFE-B2FE-F1A4736F61B9}
	EndGlobalSection
EndGlobal
